
Microsoft Visual Studio Solution File, Format Version 12.00
# Visual Studio 15
VisualStudioVersion = 15.0.28307.1300
MinimumVisualStudioVersion = 10.0.40219.1
Project("{8BC9CEB8-8B4A-11D0-8D11-00A0C91BC942}") = "lesson15", "lesson15\lesson15.vcxproj", "{8119237E-AC5F-4362-877E-E238E188E57C}"
EndProject
Global
	GlobalSection(SolutionConfigurationPlatforms) = preSolution
		Debug|x64 = Debug|x64
		Debug|x86 = Debug|x86
		Release|x64 = Release|x64
		Release|x86 = Release|x86
	EndGlobalSection
	GlobalSection(ProjectConfigurationPlatforms) = postSolution
		{8119237E-AC5F-4362-877E-E238E188E57C}.Debug|x64.ActiveCfg = Debug|x64
		{8119237E-AC5F-4362-877E-E238E188E57C}.Debug|x64.Build.0 = Debug|x64
		{8119237E-AC5F-4362-877E-E238E188E57C}.Debug|x86.ActiveCfg = Debug|Win32
		{8119237E-AC5F-4362-877E-E238E188E57C}.Debug|x86.Build.0 = Debug|Win32
		{8119237E-AC5F-4362-877E-E238E188E57C}.Release|x64.ActiveCfg = Release|x64
		{8119237E-AC5F-4362-877E-E238E188E57C}.Release|x64.Build.0 = Release|x64
		{8119237E-AC5F-4362-877E-E238E188E57C}.Release|x86.ActiveCfg = Release|Win32
		{8119237E-AC5F-4362-877E-E238E188E57C}.Release|x86.Build.0 = Release|Win32
	EndGlobalSection
	GlobalSection(SolutionProperties) = preSolution
		HideSolutionNode = FALSE
	EndGlobalSection
	GlobalSection(ExtensibilityGlobals) = postSolution
		SolutionGuid = {774C30C1-8BA3-40C9-89C4-E0583F908158}
	EndGlobalSection
EndGlobal
