
Microsoft Visual Studio Solution File, Format Version 12.00
# Visual Studio 15
VisualStudioVersion = 15.0.28307.1300
MinimumVisualStudioVersion = 10.0.40219.1
Project("{8BC9CEB8-8B4A-11D0-8D11-00A0C91BC942}") = "lesson16", "lesson16\lesson16.vcxproj", "{FCCFB8A8-8AC0-44C1-8137-32C1164F2ABF}"
EndProject
Global
	GlobalSection(SolutionConfigurationPlatforms) = preSolution
		Debug|x64 = Debug|x64
		Debug|x86 = Debug|x86
		Release|x64 = Release|x64
		Release|x86 = Release|x86
	EndGlobalSection
	GlobalSection(ProjectConfigurationPlatforms) = postSolution
		{FCCFB8A8-8AC0-44C1-8137-32C1164F2ABF}.Debug|x64.ActiveCfg = Debug|x64
		{FCCFB8A8-8AC0-44C1-8137-32C1164F2ABF}.Debug|x64.Build.0 = Debug|x64
		{FCCFB8A8-8AC0-44C1-8137-32C1164F2ABF}.Debug|x86.ActiveCfg = Debug|Win32
		{FCCFB8A8-8AC0-44C1-8137-32C1164F2ABF}.Debug|x86.Build.0 = Debug|Win32
		{FCCFB8A8-8AC0-44C1-8137-32C1164F2ABF}.Release|x64.ActiveCfg = Release|x64
		{FCCFB8A8-8AC0-44C1-8137-32C1164F2ABF}.Release|x64.Build.0 = Release|x64
		{FCCFB8A8-8AC0-44C1-8137-32C1164F2ABF}.Release|x86.ActiveCfg = Release|Win32
		{FCCFB8A8-8AC0-44C1-8137-32C1164F2ABF}.Release|x86.Build.0 = Release|Win32
	EndGlobalSection
	GlobalSection(SolutionProperties) = preSolution
		HideSolutionNode = FALSE
	EndGlobalSection
	GlobalSection(ExtensibilityGlobals) = postSolution
		SolutionGuid = {722D04E9-9338-415D-8DFF-AF805F62F0F0}
	EndGlobalSection
EndGlobal
